// !$*UTF8*$!
{
	archiveVersion = 1;
	classes = {
	};
	objectVersion = 48;
	objects = {

/* Begin PBXBuildFile section */
		26700AA7201FDCB800230B41 /* AppDelegate.swift in Sources */ = {isa = PBXBuildFile; fileRef = 26700AA6201FDCB800230B41 /* AppDelegate.swift */; };
		26700AAC201FDCB800230B41 /* Main.storyboard in Resources */ = {isa = PBXBuildFile; fileRef = 26700AAA201FDCB800230B41 /* Main.storyboard */; };
		26700AAE201FDCB800230B41 /* Assets.xcassets in Resources */ = {isa = PBXBuildFile; fileRef = 26700AAD201FDCB800230B41 /* Assets.xcassets */; };
		26700AB1201FDCB800230B41 /* LaunchScreen.storyboard in Resources */ = {isa = PBXBuildFile; fileRef = 26700AAF201FDCB800230B41 /* LaunchScreen.storyboard */; };
		26700ABC201FDCB800230B41 /* FlixTests.swift in Sources */ = {isa = PBXBuildFile; fileRef = 26700ABB201FDCB800230B41 /* FlixTests.swift */; };
		26700AC7201FDCB800230B41 /* FlixUITests.swift in Sources */ = {isa = PBXBuildFile; fileRef = 26700AC6201FDCB800230B41 /* FlixUITests.swift */; };
		26700AD5201FE13200230B41 /* NowPlayingViewController.swift in Sources */ = {isa = PBXBuildFile; fileRef = 26700AD4201FE13200230B41 /* NowPlayingViewController.swift */; };
		26DBC23F2022DBA40081FF70 /* MovieCell.swift in Sources */ = {isa = PBXBuildFile; fileRef = 26DBC23E2022DBA40081FF70 /* MovieCell.swift */; };
		CF2F67112B12CA2CF494EAE1 /* Pods_Flix.framework in Frameworks */ = {isa = PBXBuildFile; fileRef = 650F5BE89E4524BBA42009BB /* Pods_Flix.framework */; };
/* End PBXBuildFile section */

/* Begin PBXContainerItemProxy section */
		26700AB8201FDCB800230B41 /* PBXContainerItemProxy */ = {
			isa = PBXContainerItemProxy;
			containerPortal = 26700A9B201FDCB800230B41 /* Project object */;
			proxyType = 1;
			remoteGlobalIDString = 26700AA2201FDCB800230B41;
			remoteInfo = Flix;
		};
		26700AC3201FDCB800230B41 /* PBXContainerItemProxy */ = {
			isa = PBXContainerItemProxy;
			containerPortal = 26700A9B201FDCB800230B41 /* Project object */;
			proxyType = 1;
			remoteGlobalIDString = 26700AA2201FDCB800230B41;
			remoteInfo = Flix;
		};
/* End PBXContainerItemProxy section */

/* Begin PBXFileReference section */
		0C43454F133EE0F44BBD1279 /* Pods-Flix.debug.xcconfig */ = {isa = PBXFileReference; includeInIndex = 1; lastKnownFileType = text.xcconfig; name = "Pods-Flix.debug.xcconfig"; path = "Pods/Target Support Files/Pods-Flix/Pods-Flix.debug.xcconfig"; sourceTree = "<group>"; };
		26700AA3201FDCB800230B41 /* Flix.app */ = {isa = PBXFileReference; explicitFileType = wrapper.application; includeInIndex = 0; path = Flix.app; sourceTree = BUILT_PRODUCTS_DIR; };
		26700AA6201FDCB800230B41 /* AppDelegate.swift */ = {isa = PBXFileReference; lastKnownFileType = sourcecode.swift; path = AppDelegate.swift; sourceTree = "<group>"; };
		26700AAB201FDCB800230B41 /* Base */ = {isa = PBXFileReference; lastKnownFileType = file.storyboard; name = Base; path = Base.lproj/Main.storyboard; sourceTree = "<group>"; };
		26700AAD201FDCB800230B41 /* Assets.xcassets */ = {isa = PBXFileReference; lastKnownFileType = folder.assetcatalog; path = Assets.xcassets; sourceTree = "<group>"; };
		26700AB0201FDCB800230B41 /* Base */ = {isa = PBXFileReference; lastKnownFileType = file.storyboard; name = Base; path = Base.lproj/LaunchScreen.storyboard; sourceTree = "<group>"; };
		26700AB2201FDCB800230B41 /* Info.plist */ = {isa = PBXFileReference; lastKnownFileType = text.plist.xml; path = Info.plist; sourceTree = "<group>"; };
		26700AB7201FDCB800230B41 /* FlixTests.xctest */ = {isa = PBXFileReference; explicitFileType = wrapper.cfbundle; includeInIndex = 0; path = FlixTests.xctest; sourceTree = BUILT_PRODUCTS_DIR; };
		26700ABB201FDCB800230B41 /* FlixTests.swift */ = {isa = PBXFileReference; lastKnownFileType = sourcecode.swift; path = FlixTests.swift; sourceTree = "<group>"; };
		26700ABD201FDCB800230B41 /* Info.plist */ = {isa = PBXFileReference; lastKnownFileType = text.plist.xml; path = Info.plist; sourceTree = "<group>"; };
		26700AC2201FDCB800230B41 /* FlixUITests.xctest */ = {isa = PBXFileReference; explicitFileType = wrapper.cfbundle; includeInIndex = 0; path = FlixUITests.xctest; sourceTree = BUILT_PRODUCTS_DIR; };
		26700AC6201FDCB800230B41 /* FlixUITests.swift */ = {isa = PBXFileReference; lastKnownFileType = sourcecode.swift; path = FlixUITests.swift; sourceTree = "<group>"; };
		26700AC8201FDCB800230B41 /* Info.plist */ = {isa = PBXFileReference; lastKnownFileType = text.plist.xml; path = Info.plist; sourceTree = "<group>"; };
		26700AD4201FE13200230B41 /* NowPlayingViewController.swift */ = {isa = PBXFileReference; lastKnownFileType = sourcecode.swift; path = NowPlayingViewController.swift; sourceTree = "<group>"; };
		26DBC23E2022DBA40081FF70 /* MovieCell.swift */ = {isa = PBXFileReference; lastKnownFileType = sourcecode.swift; path = MovieCell.swift; sourceTree = "<group>"; };
		330A1FF26E6D1EF6F9E11491 /* Pods-Flix.release.xcconfig */ = {isa = PBXFileReference; includeInIndex = 1; lastKnownFileType = text.xcconfig; name = "Pods-Flix.release.xcconfig"; path = "Pods/Target Support Files/Pods-Flix/Pods-Flix.release.xcconfig"; sourceTree = "<group>"; };
		650F5BE89E4524BBA42009BB /* Pods_Flix.framework */ = {isa = PBXFileReference; explicitFileType = wrapper.framework; includeInIndex = 0; path = Pods_Flix.framework; sourceTree = BUILT_PRODUCTS_DIR; };
/* End PBXFileReference section */

/* Begin PBXFrameworksBuildPhase section */
		26700AA0201FDCB800230B41 /* Frameworks */ = {
			isa = PBXFrameworksBuildPhase;
			buildActionMask = 2147483647;
			files = (
				CF2F67112B12CA2CF494EAE1 /* Pods_Flix.framework in Frameworks */,
			);
			runOnlyForDeploymentPostprocessing = 0;
		};
		26700AB4201FDCB800230B41 /* Frameworks */ = {
			isa = PBXFrameworksBuildPhase;
			buildActionMask = 2147483647;
			files = (
			);
			runOnlyForDeploymentPostprocessing = 0;
		};
		26700ABF201FDCB800230B41 /* Frameworks */ = {
			isa = PBXFrameworksBuildPhase;
			buildActionMask = 2147483647;
			files = (
			);
			runOnlyForDeploymentPostprocessing = 0;
		};
/* End PBXFrameworksBuildPhase section */

/* Begin PBXGroup section */
		26700A9A201FDCB800230B41 = {
			isa = PBXGroup;
			children = (
				26700AA5201FDCB800230B41 /* Flix */,
				26700ABA201FDCB800230B41 /* FlixTests */,
				26700AC5201FDCB800230B41 /* FlixUITests */,
				26700AA4201FDCB800230B41 /* Products */,
				FFEF3A5903AFD6E558601CB7 /* Pods */,
				4F969766C54BB9369BC7165F /* Frameworks */,
			);
			sourceTree = "<group>";
		};
		26700AA4201FDCB800230B41 /* Products */ = {
			isa = PBXGroup;
			children = (
				26700AA3201FDCB800230B41 /* Flix.app */,
				26700AB7201FDCB800230B41 /* FlixTests.xctest */,
				26700AC2201FDCB800230B41 /* FlixUITests.xctest */,
			);
			name = Products;
			sourceTree = "<group>";
		};
		26700AA5201FDCB800230B41 /* Flix */ = {
			isa = PBXGroup;
			children = (
				26700AD4201FE13200230B41 /* NowPlayingViewController.swift */,
				26700AA6201FDCB800230B41 /* AppDelegate.swift */,
				26700AAA201FDCB800230B41 /* Main.storyboard */,
				26700AAD201FDCB800230B41 /* Assets.xcassets */,
				26700AAF201FDCB800230B41 /* LaunchScreen.storyboard */,
				26700AB2201FDCB800230B41 /* Info.plist */,
				26DBC23E2022DBA40081FF70 /* MovieCell.swift */,
			);
			path = Flix;
			sourceTree = "<group>";
		};
		26700ABA201FDCB800230B41 /* FlixTests */ = {
			isa = PBXGroup;
			children = (
				26700ABB201FDCB800230B41 /* FlixTests.swift */,
				26700ABD201FDCB800230B41 /* Info.plist */,
			);
			path = FlixTests;
			sourceTree = "<group>";
		};
		26700AC5201FDCB800230B41 /* FlixUITests */ = {
			isa = PBXGroup;
			children = (
				26700AC6201FDCB800230B41 /* FlixUITests.swift */,
				26700AC8201FDCB800230B41 /* Info.plist */,
			);
			path = FlixUITests;
			sourceTree = "<group>";
		};
		4F969766C54BB9369BC7165F /* Frameworks */ = {
			isa = PBXGroup;
			children = (
				650F5BE89E4524BBA42009BB /* Pods_Flix.framework */,
			);
			name = Frameworks;
			sourceTree = "<group>";
		};
		FFEF3A5903AFD6E558601CB7 /* Pods */ = {
			isa = PBXGroup;
			children = (
				0C43454F133EE0F44BBD1279 /* Pods-Flix.debug.xcconfig */,
				330A1FF26E6D1EF6F9E11491 /* Pods-Flix.release.xcconfig */,
			);
			name = Pods;
			sourceTree = "<group>";
		};
/* End PBXGroup section */

/* Begin PBXNativeTarget section */
		26700AA2201FDCB800230B41 /* Flix */ = {
			isa = PBXNativeTarget;
			buildConfigurationList = 26700ACB201FDCB800230B41 /* Build configuration list for PBXNativeTarget "Flix" */;
			buildPhases = (
				09C1598E92068A459D28C011 /* [CP] Check Pods Manifest.lock */,
				26700A9F201FDCB800230B41 /* Sources */,
				26700AA0201FDCB800230B41 /* Frameworks */,
				26700AA1201FDCB800230B41 /* Resources */,
				A0F10E1718D643BB7649CCBA /* [CP] Embed Pods Frameworks */,
				6FEB85858EE72D5750AD5138 /* [CP] Copy Pods Resources */,
			);
			buildRules = (
			);
			dependencies = (
			);
			name = Flix;
			productName = Flix;
			productReference = 26700AA3201FDCB800230B41 /* Flix.app */;
			productType = "com.apple.product-type.application";
		};
		26700AB6201FDCB800230B41 /* FlixTests */ = {
			isa = PBXNativeTarget;
			buildConfigurationList = 26700ACE201FDCB800230B41 /* Build configuration list for PBXNativeTarget "FlixTests" */;
			buildPhases = (
				26700AB3201FDCB800230B41 /* Sources */,
				26700AB4201FDCB800230B41 /* Frameworks */,
				26700AB5201FDCB800230B41 /* Resources */,
			);
			buildRules = (
			);
			dependencies = (
				26700AB9201FDCB800230B41 /* PBXTargetDependency */,
			);
			name = FlixTests;
			productName = FlixTests;
			productReference = 26700AB7201FDCB800230B41 /* FlixTests.xctest */;
			productType = "com.apple.product-type.bundle.unit-test";
		};
		26700AC1201FDCB800230B41 /* FlixUITests */ = {
			isa = PBXNativeTarget;
			buildConfigurationList = 26700AD1201FDCB800230B41 /* Build configuration list for PBXNativeTarget "FlixUITests" */;
			buildPhases = (
				26700ABE201FDCB800230B41 /* Sources */,
				26700ABF201FDCB800230B41 /* Frameworks */,
				26700AC0201FDCB800230B41 /* Resources */,
			);
			buildRules = (
			);
			dependencies = (
				26700AC4201FDCB800230B41 /* PBXTargetDependency */,
			);
			name = FlixUITests;
			productName = FlixUITests;
			productReference = 26700AC2201FDCB800230B41 /* FlixUITests.xctest */;
			productType = "com.apple.product-type.bundle.ui-testing";
		};
/* End PBXNativeTarget section */

/* Begin PBXProject section */
		26700A9B201FDCB800230B41 /* Project object */ = {
			isa = PBXProject;
			attributes = {
				LastSwiftUpdateCheck = 0920;
				LastUpgradeCheck = 0920;
				ORGANIZATIONNAME = CodePath;
				TargetAttributes = {
					26700AA2201FDCB800230B41 = {
						CreatedOnToolsVersion = 9.2;
						ProvisioningStyle = Automatic;
					};
					26700AB6201FDCB800230B41 = {
						CreatedOnToolsVersion = 9.2;
						ProvisioningStyle = Automatic;
						TestTargetID = 26700AA2201FDCB800230B41;
					};
					26700AC1201FDCB800230B41 = {
						CreatedOnToolsVersion = 9.2;
						ProvisioningStyle = Automatic;
						TestTargetID = 26700AA2201FDCB800230B41;
					};
				};
			};
			buildConfigurationList = 26700A9E201FDCB800230B41 /* Build configuration list for PBXProject "Flix" */;
			compatibilityVersion = "Xcode 8.0";
			developmentRegion = en;
			hasScannedForEncodings = 0;
			knownRegions = (
				en,
				Base,
			);
			mainGroup = 26700A9A201FDCB800230B41;
			productRefGroup = 26700AA4201FDCB800230B41 /* Products */;
			projectDirPath = "";
			projectRoot = "";
			targets = (
				26700AA2201FDCB800230B41 /* Flix */,
				26700AB6201FDCB800230B41 /* FlixTests */,
				26700AC1201FDCB800230B41 /* FlixUITests */,
			);
		};
/* End PBXProject section */

/* Begin PBXResourcesBuildPhase section */
		26700AA1201FDCB800230B41 /* Resources */ = {
			isa = PBXResourcesBuildPhase;
			buildActionMask = 2147483647;
			files = (
				26700AB1201FDCB800230B41 /* LaunchScreen.storyboard in Resources */,
				26700AAE201FDCB800230B41 /* Assets.xcassets in Resources */,
				26700AAC201FDCB800230B41 /* Main.storyboard in Resources */,
			);
			runOnlyForDeploymentPostprocessing = 0;
		};
		26700AB5201FDCB800230B41 /* Resources */ = {
			isa = PBXResourcesBuildPhase;
			buildActionMask = 2147483647;
			files = (
			);
			runOnlyForDeploymentPostprocessing = 0;
		};
		26700AC0201FDCB800230B41 /* Resources */ = {
			isa = PBXResourcesBuildPhase;
			buildActionMask = 2147483647;
			files = (
			);
			runOnlyForDeploymentPostprocessing = 0;
		};
/* End PBXResourcesBuildPhase section */

/* Begin PBXShellScriptBuildPhase section */
		09C1598E92068A459D28C011 /* [CP] Check Pods Manifest.lock */ = {
			isa = PBXShellScriptBuildPhase;
			buildActionMask = 2147483647;
			files = (
			);
			inputPaths = (
				"${PODS_PODFILE_DIR_PATH}/Podfile.lock",
				"${PODS_ROOT}/Manifest.lock",
			);
			name = "[CP] Check Pods Manifest.lock";
			outputPaths = (
				"$(DERIVED_FILE_DIR)/Pods-Flix-checkManifestLockResult.txt",
			);
			runOnlyForDeploymentPostprocessing = 0;
			shellPath = /bin/sh;
			shellScript = "diff \"${PODS_PODFILE_DIR_PATH}/Podfile.lock\" \"${PODS_ROOT}/Manifest.lock\" > /dev/null\nif [ $? != 0 ] ; then\n    # print error to STDERR\n    echo \"error: The sandbox is not in sync with the Podfile.lock. Run 'pod install' or update your CocoaPods installation.\" >&2\n    exit 1\nfi\n# This output is used by Xcode 'outputs' to avoid re-running this script phase.\necho \"SUCCESS\" > \"${SCRIPT_OUTPUT_FILE_0}\"\n";
			showEnvVarsInLog = 0;
		};
		6FEB85858EE72D5750AD5138 /* [CP] Copy Pods Resources */ = {
			isa = PBXShellScriptBuildPhase;
			buildActionMask = 2147483647;
			files = (
			);
			inputPaths = (
			);
			name = "[CP] Copy Pods Resources";
			outputPaths = (
			);
			runOnlyForDeploymentPostprocessing = 0;
			shellPath = /bin/sh;
			shellScript = "\"${SRCROOT}/Pods/Target Support Files/Pods-Flix/Pods-Flix-resources.sh\"\n";
			showEnvVarsInLog = 0;
		};
		A0F10E1718D643BB7649CCBA /* [CP] Embed Pods Frameworks */ = {
			isa = PBXShellScriptBuildPhase;
			buildActionMask = 2147483647;
			files = (
			);
			inputPaths = (
				"${SRCROOT}/Pods/Target Support Files/Pods-Flix/Pods-Flix-frameworks.sh",
				"${BUILT_PRODUCTS_DIR}/Alamofire/Alamofire.framework",
				"${BUILT_PRODUCTS_DIR}/AlamofireImage/AlamofireImage.framework",
				"${BUILT_PRODUCTS_DIR}/OAuthSwift/OAuthSwift.framework",
				"${BUILT_PRODUCTS_DIR}/OAuthSwiftAlamofire/OAuthSwiftAlamofire.framework",
			);
			name = "[CP] Embed Pods Frameworks";
			outputPaths = (
				"${TARGET_BUILD_DIR}/${FRAMEWORKS_FOLDER_PATH}/Alamofire.framework",
				"${TARGET_BUILD_DIR}/${FRAMEWORKS_FOLDER_PATH}/AlamofireImage.framework",
				"${TARGET_BUILD_DIR}/${FRAMEWORKS_FOLDER_PATH}/OAuthSwift.framework",
				"${TARGET_BUILD_DIR}/${FRAMEWORKS_FOLDER_PATH}/OAuthSwiftAlamofire.framework",
			);
			runOnlyForDeploymentPostprocessing = 0;
			shellPath = /bin/sh;
			shellScript = "\"${SRCROOT}/Pods/Target Support Files/Pods-Flix/Pods-Flix-frameworks.sh\"\n";
			showEnvVarsInLog = 0;
		};
/* End PBXShellScriptBuildPhase section */

/* Begin PBXSourcesBuildPhase section */
		26700A9F201FDCB800230B41 /* Sources */ = {
			isa = PBXSourcesBuildPhase;
			buildActionMask = 2147483647;
			files = (
				26700AD5201FE13200230B41 /* NowPlayingViewController.swift in Sources */,
				26700AA7201FDCB800230B41 /* AppDelegate.swift in Sources */,
				26DBC23F2022DBA40081FF70 /* MovieCell.swift in Sources */,
			);
			runOnlyForDeploymentPostprocessing = 0;
		};
		26700AB3201FDCB800230B41 /* Sources */ = {
			isa = PBXSourcesBuildPhase;
			buildActionMask = 2147483647;
			files = (
				26700ABC201FDCB800230B41 /* FlixTests.swift in Sources */,
			);
			runOnlyForDeploymentPostprocessing = 0;
		};
		26700ABE201FDCB800230B41 /* Sources */ = {
			isa = PBXSourcesBuildPhase;
			buildActionMask = 2147483647;
			files = (
				26700AC7201FDCB800230B41 /* FlixUITests.swift in Sources */,
			);
			runOnlyForDeploymentPostprocessing = 0;
		};
/* End PBXSourcesBuildPhase section */

/* Begin PBXTargetDependency section */
		26700AB9201FDCB800230B41 /* PBXTargetDependency */ = {
			isa = PBXTargetDependency;
			target = 26700AA2201FDCB800230B41 /* Flix */;
			targetProxy = 26700AB8201FDCB800230B41 /* PBXContainerItemProxy */;
		};
		26700AC4201FDCB800230B41 /* PBXTargetDependency */ = {
			isa = PBXTargetDependency;
			target = 26700AA2201FDCB800230B41 /* Flix */;
			targetProxy = 26700AC3201FDCB800230B41 /* PBXContainerItemProxy */;
		};
/* End PBXTargetDependency section */

/* Begin PBXVariantGroup section */
		26700AAA201FDCB800230B41 /* Main.storyboard */ = {
			isa = PBXVariantGroup;
			children = (
				26700AAB201FDCB800230B41 /* Base */,
			);
			name = Main.storyboard;
			sourceTree = "<group>";
		};
		26700AAF201FDCB800230B41 /* LaunchScreen.storyboard */ = {
			isa = PBXVariantGroup;
			children = (
				26700AB0201FDCB800230B41 /* Base */,
			);
			name = LaunchScreen.storyboard;
			sourceTree = "<group>";
		};
/* End PBXVariantGroup section */

/* Begin XCBuildConfiguration section */
		26700AC9201FDCB800230B41 /* Debug */ = {
			isa = XCBuildConfiguration;
			buildSettings = {
				ALWAYS_SEARCH_USER_PATHS = NO;
				CLANG_ANALYZER_NONNULL = YES;
				CLANG_ANALYZER_NUMBER_OBJECT_CONVERSION = YES_AGGRESSIVE;
				CLANG_CXX_LANGUAGE_STANDARD = "gnu++14";
				CLANG_CXX_LIBRARY = "libc++";
				CLANG_ENABLE_MODULES = YES;
				CLANG_ENABLE_OBJC_ARC = YES;
				CLANG_WARN_BLOCK_CAPTURE_AUTORELEASING = YES;
				CLANG_WARN_BOOL_CONVERSION = YES;
				CLANG_WARN_COMMA = YES;
				CLANG_WARN_CONSTANT_CONVERSION = YES;
				CLANG_WARN_DIRECT_OBJC_ISA_USAGE = YES_ERROR;
				CLANG_WARN_DOCUMENTATION_COMMENTS = YES;
				CLANG_WARN_EMPTY_BODY = YES;
				CLANG_WARN_ENUM_CONVERSION = YES;
				CLANG_WARN_INFINITE_RECURSION = YES;
				CLANG_WARN_INT_CONVERSION = YES;
				CLANG_WARN_NON_LITERAL_NULL_CONVERSION = YES;
				CLANG_WARN_OBJC_LITERAL_CONVERSION = YES;
				CLANG_WARN_OBJC_ROOT_CLASS = YES_ERROR;
				CLANG_WARN_RANGE_LOOP_ANALYSIS = YES;
				CLANG_WARN_STRICT_PROTOTYPES = YES;
				CLANG_WARN_SUSPICIOUS_MOVE = YES;
				CLANG_WARN_UNGUARDED_AVAILABILITY = YES_AGGRESSIVE;
				CLANG_WARN_UNREACHABLE_CODE = YES;
				CLANG_WARN__DUPLICATE_METHOD_MATCH = YES;
				CODE_SIGN_IDENTITY = "iPhone Developer";
				COPY_PHASE_STRIP = NO;
				DEBUG_INFORMATION_FORMAT = dwarf;
				ENABLE_STRICT_OBJC_MSGSEND = YES;
				ENABLE_TESTABILITY = YES;
				GCC_C_LANGUAGE_STANDARD = gnu11;
				GCC_DYNAMIC_NO_PIC = NO;
				GCC_NO_COMMON_BLOCKS = YES;
				GCC_OPTIMIZATION_LEVEL = 0;
				GCC_PREPROCESSOR_DEFINITIONS = (
					"DEBUG=1",
					"$(inherited)",
				);
				GCC_WARN_64_TO_32_BIT_CONVERSION = YES;
				GCC_WARN_ABOUT_RETURN_TYPE = YES_ERROR;
				GCC_WARN_UNDECLARED_SELECTOR = YES;
				GCC_WARN_UNINITIALIZED_AUTOS = YES_AGGRESSIVE;
				GCC_WARN_UNUSED_FUNCTION = YES;
				GCC_WARN_UNUSED_VARIABLE = YES;
				IPHONEOS_DEPLOYMENT_TARGET = 11.2;
				MTL_ENABLE_DEBUG_INFO = YES;
				ONLY_ACTIVE_ARCH = YES;
				SDKROOT = iphoneos;
				SWIFT_ACTIVE_COMPILATION_CONDITIONS = DEBUG;
				SWIFT_OPTIMIZATION_LEVEL = "-Onone";
			};
			name = Debug;
		};
		26700ACA201FDCB800230B41 /* Release */ = {
			isa = XCBuildConfiguration;
			buildSettings = {
				ALWAYS_SEARCH_USER_PATHS = NO;
				CLANG_ANALYZER_NONNULL = YES;
				CLANG_ANALYZER_NUMBER_OBJECT_CONVERSION = YES_AGGRESSIVE;
				CLANG_CXX_LANGUAGE_STANDARD = "gnu++14";
				CLANG_CXX_LIBRARY = "libc++";
				CLANG_ENABLE_MODULES = YES;
				CLANG_ENABLE_OBJC_ARC = YES;
				CLANG_WARN_BLOCK_CAPTURE_AUTORELEASING = YES;
				CLANG_WARN_BOOL_CONVERSION = YES;
				CLANG_WARN_COMMA = YES;
				CLANG_WARN_CONSTANT_CONVERSION = YES;
				CLANG_WARN_DIRECT_OBJC_ISA_USAGE = YES_ERROR;
				CLANG_WARN_DOCUMENTATION_COMMENTS = YES;
				CLANG_WARN_EMPTY_BODY = YES;
				CLANG_WARN_ENUM_CONVERSION = YES;
				CLANG_WARN_INFINITE_RECURSION = YES;
				CLANG_WARN_INT_CONVERSION = YES;
				CLANG_WARN_NON_LITERAL_NULL_CONVERSION = YES;
				CLANG_WARN_OBJC_LITERAL_CONVERSION = YES;
				CLANG_WARN_OBJC_ROOT_CLASS = YES_ERROR;
				CLANG_WARN_RANGE_LOOP_ANALYSIS = YES;
				CLANG_WARN_STRICT_PROTOTYPES = YES;
				CLANG_WARN_SUSPICIOUS_MOVE = YES;
				CLANG_WARN_UNGUARDED_AVAILABILITY = YES_AGGRESSIVE;
				CLANG_WARN_UNREACHABLE_CODE = YES;
				CLANG_WARN__DUPLICATE_METHOD_MATCH = YES;
				CODE_SIGN_IDENTITY = "iPhone Developer";
				COPY_PHASE_STRIP = NO;
				DEBUG_INFORMATION_FORMAT = "dwarf-with-dsym";
				ENABLE_NS_ASSERTIONS = NO;
				ENABLE_STRICT_OBJC_MSGSEND = YES;
				GCC_C_LANGUAGE_STANDARD = gnu11;
				GCC_NO_COMMON_BLOCKS = YES;
				GCC_WARN_64_TO_32_BIT_CONVERSION = YES;
				GCC_WARN_ABOUT_RETURN_TYPE = YES_ERROR;
				GCC_WARN_UNDECLARED_SELECTOR = YES;
				GCC_WARN_UNINITIALIZED_AUTOS = YES_AGGRESSIVE;
				GCC_WARN_UNUSED_FUNCTION = YES;
				GCC_WARN_UNUSED_VARIABLE = YES;
				IPHONEOS_DEPLOYMENT_TARGET = 11.2;
				MTL_ENABLE_DEBUG_INFO = NO;
				SDKROOT = iphoneos;
				SWIFT_OPTIMIZATION_LEVEL = "-Owholemodule";
				VALIDATE_PRODUCT = YES;
			};
			name = Release;
		};
		26700ACC201FDCB800230B41 /* Debug */ = {
			isa = XCBuildConfiguration;
			baseConfigurationReference = 0C43454F133EE0F44BBD1279 /* Pods-Flix.debug.xcconfig */;
			buildSettings = {
				ASSETCATALOG_COMPILER_APPICON_NAME = AppIcon;
				CODE_SIGN_STYLE = Automatic;
				INFOPLIST_FILE = Flix/Info.plist;
				LD_RUNPATH_SEARCH_PATHS = "$(inherited) @executable_path/Frameworks";
				PRODUCT_BUNDLE_IDENTIFIER = codepath.Flix;
				PRODUCT_NAME = "$(TARGET_NAME)";
				SWIFT_VERSION = 4.0;
				TARGETED_DEVICE_FAMILY = "1,2";
			};
			name = Debug;
		};
		26700ACD201FDCB800230B41 /* Release */ = {
			isa = XCBuildConfiguration;
			baseConfigurationReference = 330A1FF26E6D1EF6F9E11491 /* Pods-Flix.release.xcconfig */;
			buildSettings = {
				ASSETCATALOG_COMPILER_APPICON_NAME = AppIcon;
				CODE_SIGN_STYLE = Automatic;
				INFOPLIST_FILE = Flix/Info.plist;
				LD_RUNPATH_SEARCH_PATHS = "$(inherited) @executable_path/Frameworks";
				PRODUCT_BUNDLE_IDENTIFIER = codepath.Flix;
				PRODUCT_NAME = "$(TARGET_NAME)";
				SWIFT_VERSION = 4.0;
				TARGETED_DEVICE_FAMILY = "1,2";
			};
			name = Release;
		};
		26700ACF201FDCB800230B41 /* Debug */ = {
			isa = XCBuildConfiguration;
			buildSettings = {
				ALWAYS_EMBED_SWIFT_STANDARD_LIBRARIES = YES;
				BUNDLE_LOADER = "$(TEST_HOST)";
				CODE_SIGN_STYLE = Automatic;
				INFOPLIST_FILE = FlixTests/Info.plist;
				LD_RUNPATH_SEARCH_PATHS = "$(inherited) @executable_path/Frameworks @loader_path/Frameworks";
				PRODUCT_BUNDLE_IDENTIFIER = codepath.FlixTests;
				PRODUCT_NAME = "$(TARGET_NAME)";
				SWIFT_VERSION = 4.0;
				TARGETED_DEVICE_FAMILY = "1,2";
				TEST_HOST = "$(BUILT_PRODUCTS_DIR)/Flix.app/Flix";
			};
			name = Debug;
		};
		26700AD0201FDCB800230B41 /* Release */ = {
			isa = XCBuildConfiguration;
			buildSettings = {
				ALWAYS_EMBED_SWIFT_STANDARD_LIBRARIES = YES;
				BUNDLE_LOADER = "$(TEST_HOST)";
				CODE_SIGN_STYLE = Automatic;
				INFOPLIST_FILE = FlixTests/Info.plist;
				LD_RUNPATH_SEARCH_PATHS = "$(inherited) @executable_path/Frameworks @loader_path/Frameworks";
				PRODUCT_BUNDLE_IDENTIFIER = codepath.FlixTests;
				PRODUCT_NAME = "$(TARGET_NAME)";
				SWIFT_VERSION = 4.0;
				TARGETED_DEVICE_FAMILY = "1,2";
				TEST_HOST = "$(BUILT_PRODUCTS_DIR)/Flix.app/Flix";
			};
			name = Release;
		};
		26700AD2201FDCB800230B41 /* Debug */ = {
			isa = XCBuildConfiguration;
			buildSettings = {
				ALWAYS_EMBED_SWIFT_STANDARD_LIBRARIES = YES;
				CODE_SIGN_STYLE = Automatic;
				INFOPLIST_FILE = FlixUITests/Info.plist;
				LD_RUNPATH_SEARCH_PATHS = "$(inherited) @executable_path/Frameworks @loader_path/Frameworks";
				PRODUCT_BUNDLE_IDENTIFIER = codepath.FlixUITests;
				PRODUCT_NAME = "$(TARGET_NAME)";
				SWIFT_VERSION = 4.0;
				TARGETED_DEVICE_FAMILY = "1,2";
				TEST_TARGET_NAME = Flix;
			};
			name = Debug;
		};
		26700AD3201FDCB800230B41 /* Release */ = {
			isa = XCBuildConfiguration;
			buildSettings = {
				ALWAYS_EMBED_SWIFT_STANDARD_LIBRARIES = YES;
				CODE_SIGN_STYLE = Automatic;
				INFOPLIST_FILE = FlixUITests/Info.plist;
				LD_RUNPATH_SEARCH_PATHS = "$(inherited) @executable_path/Frameworks @loader_path/Frameworks";
				PRODUCT_BUNDLE_IDENTIFIER = codepath.FlixUITests;
				PRODUCT_NAME = "$(TARGET_NAME)";
				SWIFT_VERSION = 4.0;
				TARGETED_DEVICE_FAMILY = "1,2";
				TEST_TARGET_NAME = Flix;
			};
			name = Release;
		};
/* End XCBuildConfiguration section */

/* Begin XCConfigurationList section */
		26700A9E201FDCB800230B41 /* Build configuration list for PBXProject "Flix" */ = {
			isa = XCConfigurationList;
			buildConfigurations = (
				26700AC9201FDCB800230B41 /* Debug */,
				26700ACA201FDCB800230B41 /* Release */,
			);
			defaultConfigurationIsVisible = 0;
			defaultConfigurationName = Release;
		};
		26700ACB201FDCB800230B41 /* Build configuration list for PBXNativeTarget "Flix" */ = {
			isa = XCConfigurationList;
			buildConfigurations = (
				26700ACC201FDCB800230B41 /* Debug */,
				26700ACD201FDCB800230B41 /* Release */,
			);
			defaultConfigurationIsVisible = 0;
			defaultConfigurationName = Release;
		};
		26700ACE201FDCB800230B41 /* Build configuration list for PBXNativeTarget "FlixTests" */ = {
			isa = XCConfigurationList;
			buildConfigurations = (
				26700ACF201FDCB800230B41 /* Debug */,
				26700AD0201FDCB800230B41 /* Release */,
			);
			defaultConfigurationIsVisible = 0;
			defaultConfigurationName = Release;
		};
		26700AD1201FDCB800230B41 /* Build configuration list for PBXNativeTarget "FlixUITests" */ = {
			isa = XCConfigurationList;
			buildConfigurations = (
				26700AD2201FDCB800230B41 /* Debug */,
				26700AD3201FDCB800230B41 /* Release */,
			);
			defaultConfigurationIsVisible = 0;
			defaultConfigurationName = Release;
		};
/* End XCConfigurationList section */
	};
	rootObject = 26700A9B201FDCB800230B41 /* Project object */;
}
